{
  "nodes": {
    "crane": {
      "locked": {
        "lastModified": 1773189535,
        "narHash": "sha256-E1G/Or6MWeP+L6mpQ0iTFLpzSzlpGrITfU2220Gq47g=",
        "owner": "ipetkov",
        "repo": "crane",
        "rev": "6fa2fb4cf4a89ba49fc9dd5a3eb6cde99d388269",
        "type": "github"
      },
      "original": {
        "owner": "ipetkov",
        "repo": "crane",
        "type": "github"
      }
    },
    "fenix": {
      "inputs": {
        "nixpkgs": [
          "nixpkgs"
        ],
        "rust-analyzer-src": "rust-analyzer-src"
      },
      "locked": {
        "lastModified": 1773299640,
        "narHash": "sha256-kTsZ5xGZqaeJ8jWsfZNACo/VsW3riVuIQEPWVGiqWKM=",
        "owner": "nix-community",
        "repo": "fenix",
        "rev": "8ac78ff968869cd05d9cb42fbf63bdbc6851ec19",
        "type": "github"
      },
      "original": {
        "owner": "nix-community",
        "repo": "fenix",
        "type": "github"
      }
    },
    "flake-utils": {
      "inputs": {
        "systems": "systems"
      },
      "locked": {
        "lastModified": 1731533236,
        "narHash": "sha256-l0KFg5HjrsfsO/JpG+r7fRrqm12kzFHyUHqHCVpMMbI=",
        "owner": "numtide",
        "repo": "flake-utils",
        "rev": "11707dc2f618dd54ca8739b309ec4fc024de578b",
        "type": "github"
      },
      "original": {
        "owner": "numtide",
        "repo": "flake-utils",
        "type": "github"
      }
    },
    "nix-filter": {
      "locked": {
        "lastModified": 1757882181,
        "narHash": "sha256-+cCxYIh2UNalTz364p+QYmWHs0P+6wDhiWR4jDIKQIU=",
        "owner": "numtide",
        "repo": "nix-filter",
        "rev": "59c44d1909c72441144b93cf0f054be7fe764de5",
        "type": "github"
      },
      "original": {
        "owner": "numtide",
        "repo": "nix-filter",
        "type": "github"
      }
    },
    "nixpkgs": {
      "locked": {
        "lastModified": 1773201692,
        "narHash": "sha256-NXrKzNMniu4Oam2kAFvqJ3GB2kAvlAFIriTAheaY8hw=",
        "owner": "NixOS",
        "repo": "nixpkgs",
        "rev": "b6067cc0127d4db9c26c79e4de0513e58d0c40c9",
        "type": "github"
      },
      "original": {
        "owner": "NixOS",
        "ref": "nixpkgs-unstable",
        "repo": "nixpkgs",
        "type": "github"
      }
    },
    "root": {
      "inputs": {
        "crane": "crane",
        "fenix": "fenix",
        "flake-utils": "flake-utils",
        "nix-filter": "nix-filter",
        "nixpkgs": "nixpkgs"
      }
    },
    "rust-analyzer-src": {
      "flake": false,
      "locked": {
        "lastModified": 1773194001,
        "narHash": "sha256-50PPXBtH2xfKuNfQfUNOyuIFgZPEz5QVertQWS2MQJE=",
        "owner": "rust-lang",
        "repo": "rust-analyzer",
        "rev": "8ed3cca4d30610fd0d3c1179c85418de2dc0a7c1",
        "type": "github"
      },
      "original": {
        "owner": "rust-lang",
        "ref": "nightly",
        "repo": "rust-analyzer",
        "type": "github"
      }
    },
    "systems": {
      "locked": {
        "lastModified": 1681028828,
        "narHash": "sha256-Vy1rq5AaRuLzOxct8nz4T6wlgyUR7zLU309k9mBC768=",
        "owner": "nix-systems",
        "repo": "default",
        "rev": "da67096a3b9bf56a91d16901293e51ba5b49a27e",
        "type": "github"
      },
      "original": {
        "owner": "nix-systems",
        "repo": "default",
        "type": "github"
      }
    }
  },
  "root": "root",
  "version": 7
}
